# This file was autogenerated by uv via the following command:
#    uv pip compile requirements.txt -o requirements.lock --python-version 3.11
arxiv==4.0.0
    # via -r requirements.txt
attrs==26.1.0
    # via
    #   jsonschema
    #   referencing
certifi==2026.6.17
    # via requests
cffi==2.0.0
    # via cryptography
charset-normalizer==3.4.7
    # via requests
check-jsonschema==0.37.4
    # via -r requirements.txt
click==8.4.2
    # via check-jsonschema
cryptography==49.0.0
    # via google-auth
google-api-core==2.31.0
    # via google-api-python-client
google-api-python-client==2.198.0
    # via -r requirements.txt
google-auth==2.55.1
    # via
    #   -r requirements.txt
    #   google-api-core
    #   google-api-python-client
    #   google-auth-httplib2
google-auth-httplib2==0.4.0
    # via google-api-python-client
googleapis-common-protos==1.75.0
    # via google-api-core
httplib2==0.32.0
    # via
    #   google-api-python-client
    #   google-auth-httplib2
idna==3.18
    # via requests
jsonschema==4.26.0
    # via check-jsonschema
jsonschema-specifications==2025.9.1
    # via jsonschema
lxml==6.1.1
    # via arxiv
proto-plus==1.28.0
    # via google-api-core
protobuf==7.35.1
    # via
    #   google-api-core
    #   googleapis-common-protos
    #   proto-plus
pyasn1==0.6.3
    # via pyasn1-modules
pyasn1-modules==0.4.2
    # via google-auth
pycparser==3.0
    # via cffi
pyparsing==3.3.2
    # via httplib2
pyyaml==6.0.3
    # via -r requirements.txt
referencing==0.37.0
    # via
    #   jsonschema
    #   jsonschema-specifications
regress==2025.10.1
    # via check-jsonschema
requests==2.33.1
    # via
    #   -r requirements.txt
    #   arxiv
    #   check-jsonschema
    #   google-api-core
rpds-py==2026.6.3
    # via
    #   jsonschema
    #   referencing
ruamel-yaml==0.19.1
    # via check-jsonschema
slack-sdk==3.43.0
    # via -r requirements.txt
typing-extensions==4.16.0
    # via referencing
uritemplate==4.2.0
    # via google-api-python-client
urllib3==2.7.0
    # via
    #   -r requirements.txt
    #   requests
